# This file is automatically @generated by Poetry 1.8.3 and should not be changed by hand.

[[package]]
name = "attrs"
version = "24.2.0"
description = "Classes Without Boilerplate"
optional = false
python-versions = ">=3.7"
files = [
    {file = "attrs-24.2.0-py3-none-any.whl", hash = "sha256:81921eb96de3191c8258c199618104dd27ac608d9366f5e35d011eae1867ede2"},
    {file = "attrs-24.2.0.tar.gz", hash = "sha256:5cfb1b9148b5b086569baec03f20d7b6bf3bcacc9a42bebf87ffaaca362f6346"},
]

[package.extras]
benchmark = ["cloudpickle", "hypothesis", "mypy (>=1.11.1)", "pympler", "pytest (>=4.3.0)", "pytest-codspeed", "pytest-mypy-plugins", "pytest-xdist[psutil]"]
cov = ["cloudpickle", "coverage[toml] (>=5.3)", "hypothesis", "mypy (>=1.11.1)", "pympler", "pytest (>=4.3.0)", "pytest-mypy-plugins", "pytest-xdist[psutil]"]
dev = ["cloudpickle", "hypothesis", "mypy (>=1.11.1)", "pre-commit", "pympler", "pytest (>=4.3.0)", "pytest-mypy-plugins", "pytest-xdist[psutil]"]
docs = ["cogapp", "furo", "myst-parser", "sphinx", "sphinx-notfound-page", "sphinxcontrib-towncrier", "towncrier (<24.7)"]
tests = ["cloudpickle", "hypothesis", "mypy (>=1.11.1)", "pympler", "pytest (>=4.3.0)", "pytest-mypy-plugins", "pytest-xdist[psutil]"]
tests-mypy = ["mypy (>=1.11.1)", "pytest-mypy-plugins"]

[[package]]
name = "basilisp"
version = "0.3.2"
description = "A Clojure-like lisp written for Python"
optional = false
python-versions = "<4.0,>=3.9"
files = [
    {file = "basilisp-0.3.2-py3-none-any.whl", hash = "sha256:5dad5129093915665199dd625960930c8a3add004e4291328ca1fe3491f6d108"},
    {file = "basilisp-0.3.2.tar.gz", hash = "sha256:b7218844084757218b1104a8665d38b1ee708f0fae7876a1fcaa1c96ddb3b985"},
]

[package.dependencies]
attrs = ">=22.2.0"
immutables = ">=0.20,<1.0.0"
prompt-toolkit = ">=3.0.0,<4.0.0"
pyrsistent = ">=0.18.0,<1.0.0"
typing-extensions = ">=4.7.0,<5.0.0"

[package.extras]
pygments = ["pygments (>=2.9.0,<3.0.0)"]
pytest = ["pytest (>=7.0.0,<9.0.0)"]

[[package]]
name = "colorama"
version = "0.4.6"
description = "Cross-platform colored terminal text."
optional = false
python-versions = "!=3.0.*,!=3.1.*,!=3.2.*,!=3.3.*,!=3.4.*,!=3.5.*,!=3.6.*,>=2.7"
files = [
    {file = "colorama-0.4.6-py2.py3-none-any.whl", hash = "sha256:4f1d9991f5acc0ca119f9d443620b77f9d6b33703e51011c16baf57afb285fc6"},
    {file = "colorama-0.4.6.tar.gz", hash = "sha256:08695f5cb7ed6e0531a20572697297273c47b8cae5a63ffc6d6ed5c201be6e44"},
]

[[package]]
name = "exceptiongroup"
version = "1.2.2"
description = "Backport of PEP 654 (exception groups)"
optional = false
python-versions = ">=3.7"
files = [
    {file = "exceptiongroup-1.2.2-py3-none-any.whl", hash = "sha256:3111b9d131c238bec2f8f516e123e14ba243563fb135d3fe885990585aa7795b"},
    {file = "exceptiongroup-1.2.2.tar.gz", hash = "sha256:47c2edf7c6738fafb49fd34290706d1a1a2f4d1c6df275526b62cbb4aa5393cc"},
]

[package.extras]
test = ["pytest (>=6)"]

[[package]]
name = "immutables"
version = "0.21"
description = "Immutable Collections"
optional = false
python-versions = ">=3.8.0"
files = [
    {file = "immutables-0.21-cp310-cp310-macosx_10_9_x86_64.whl", hash = "sha256:14cb09d4f4577ad9ab8770a340dc2158e0a5ab5775cb34c75960167a31104212"},
    {file = "immutables-0.21-cp310-cp310-macosx_11_0_arm64.whl", hash = "sha256:22ba593f95044ac60d2af463f3dc86cd0e223f8c51df85dff65d663d93e19f51"},
    {file = "immutables-0.21-cp310-cp310-manylinux_2_17_aarch64.manylinux2014_aarch64.whl", hash = "sha256:25afc81a7bcf26c8364f85e52a14e0095344343e79493c73b0e9a765310a0bed"},
    {file = "immutables-0.21-cp310-cp310-manylinux_2_5_x86_64.manylinux1_x86_64.manylinux_2_17_x86_64.manylinux2014_x86_64.whl", hash = "sha256:eac6e2868567289f88c6810f296940c328a1d38c9abc841eed04963102a27d12"},
    {file = "immutables-0.21-cp310-cp310-musllinux_1_2_aarch64.whl", hash = "sha256:ba8bca21a1d034f4577ede1e9553a681dd01199c06b563f1a8316f2623b64985"},
    {file = "immutables-0.21-cp310-cp310-musllinux_1_2_x86_64.whl", hash = "sha256:39337bfb42f83dd787a81e2d00e90efa17c4a39a9cf1210b8a50dafe32438aae"},
    {file = "immutables-0.21-cp310-cp310-win32.whl", hash = "sha256:b24aa98f6cdae4ba15baf3aa00e84223bafcd0d3fd7f0443474527ec951845e1"},
    {file = "immutables-0.21-cp310-cp310-win_amd64.whl", hash = "sha256:715f8e5f8e1c35f036f9ac62eaf8b672eec1cdc2b4f9b73864cc64eccc76661c"},
    {file = "immutables-0.21-cp311-cp311-macosx_10_9_x86_64.whl", hash = "sha256:5d780c38067047911a2e06a86ba063ba0055618ab5573c8198ef3f368e321303"},
    {file = "immutables-0.21-cp311-cp311-macosx_11_0_arm64.whl", hash = "sha256:9aab9d0f0016f6e0bfe7e4a4cb831ef20063da6468b1bbc71d06ef285781ee9e"},
    {file = "immutables-0.21-cp311-cp311-manylinux_2_17_aarch64.manylinux2014_aarch64.whl", hash = "sha256:7ff83390b05d3372acb9a0c928f6cc20c78e74ca20ed88eb941f84a63b65e444"},
    {file = "immutables-0.21-cp311-cp311-manylinux_2_5_x86_64.manylinux1_x86_64.manylinux_2_17_x86_64.manylinux2014_x86_64.whl", hash = "sha256:d01497713e71509c4481ffccdbe3a47b94969345f4e92f814d6626f7c0a4c304"},
    {file = "immutables-0.21-cp311-cp311-musllinux_1_2_aarch64.whl", hash = "sha256:bc7844c9fbb5bece5bfdf2bf8ea74d308f42f40b0665fd25c58abf56d7db024a"},
    {file = "immutables-0.21-cp311-cp311-musllinux_1_2_x86_64.whl", hash = "sha256:984106fa4345efd9f96de22e9949fc97bac8598bdebee03c20b2497a88bff3b7"},
    {file = "immutables-0.21-cp311-cp311-win32.whl", hash = "sha256:1bdb5200518518601377e4877d5034e7c535e9ea8a9d601ed8b0eedef0c7becd"},
    {file = "immutables-0.21-cp311-cp311-win_amd64.whl", hash = "sha256:dd00c34f431c54c95e7b84bfdbdeacb4f039a6a24eb0c1f7aa4b168bb9a6ad0a"},
    {file = "immutables-0.21-cp312-cp312-macosx_10_13_x86_64.whl", hash = "sha256:ef1ed262094b755903122c3c3a83ad0e0d5c3ab7887cda12b2fe878769d1ee0d"},
    {file = "immutables-0.21-cp312-cp312-macosx_11_0_arm64.whl", hash = "sha256:ce604f81d9d8f26e60b52ebcb56bb5c0462c8ea50fb17868487d15f048a2f13e"},
    {file = "immutables-0.21-cp312-cp312-manylinux_2_17_aarch64.manylinux2014_aarch64.whl", hash = "sha256:b48b116aaca4500398058b5a87814857a60c4cb09417fecc12d7da0f5639b73d"},
    {file = "immutables-0.21-cp312-cp312-manylinux_2_5_x86_64.manylinux1_x86_64.manylinux_2_17_x86_64.manylinux2014_x86_64.whl", hash = "sha256:dad7c0c74b285cc0e555ec0e97acbdc6f1862fcd16b99abd612df3243732e741"},
    {file = "immutables-0.21-cp312-cp312-musllinux_1_2_aarch64.whl", hash = "sha256:e44346e2221a5a676c880ca8e0e6429fa24d1a4ae562573f5c04d7f2e759b030"},
    {file = "immutables-0.21-cp312-cp312-musllinux_1_2_x86_64.whl", hash = "sha256:8b10139b529a460e53fe8be699ebd848c54c8a33ebe67763bcfcc809a475a26f"},
    {file = "immutables-0.21-cp312-cp312-win32.whl", hash = "sha256:fc512d808662614feb17d2d92e98f611d69669a98c7af15910acf1dc72737038"},
    {file = "immutables-0.21-cp312-cp312-win_amd64.whl", hash = "sha256:461dcb0f58a131045155e52a2c43de6ec2fe5ba19bdced6858a3abb63cee5111"},
    {file = "immutables-0.21-cp313-cp313-macosx_10_13_x86_64.whl", hash = "sha256:79674b51aa8dd983f9ac55f7f67b433b1df84a6b4f28ab860588389a5659485b"},
    {file = "immutables-0.21-cp313-cp313-macosx_11_0_arm64.whl", hash = "sha256:93c8350f8f7d0d9693f708229d9d0578e6f3b785ce6da4bced1da97137aacfad"},
    {file = "immutables-0.21-cp313-cp313-manylinux_2_17_aarch64.manylinux2014_aarch64.whl", hash = "sha256:583d2a63e444ce1538cc2bda56ae1f4a1a11473dbc0377c82b516bc7eec3b81e"},
    {file = "immutables-0.21-cp313-cp313-manylinux_2_5_x86_64.manylinux1_x86_64.manylinux_2_17_x86_64.manylinux2014_x86_64.whl", hash = "sha256:b274a52da9b106db55eceb93fc1aea858c4e6f4740189e3548e38613eafc2021"},
    {file = "immutables-0.21-cp313-cp313-musllinux_1_2_aarch64.whl", hash = "sha256:338bede057250b33716a3e4892e15df0bf5a5ddbf1d67ead996b3e680b49ef9e"},
    {file = "immutables-0.21-cp313-cp313-musllinux_1_2_x86_64.whl", hash = "sha256:8781c89583b68f604cf30f0978b722165824c3075888639fde771bf1a3e12dc0"},
    {file = "immutables-0.21-cp313-cp313-win32.whl", hash = "sha256:e97ea83befad873712f283c0cccd630f70cba753e207b4868af28d5b85e9dc54"},
    {file = "immutables-0.21-cp313-cp313-win_amd64.whl", hash = "sha256:cfcb23bd898f5a4ef88692b42c51f52ca7373a35ba4dcc215060a668639eb5da"},
    {file = "immutables-0.21-cp38-cp38-macosx_10_9_x86_64.whl", hash = "sha256:07a37d8699255402a10784d4d45f2bcc00ca7dba8da763207a834b15767e6c62"},
    {file = "immutables-0.21-cp38-cp38-macosx_11_0_arm64.whl", hash = "sha256:9139fd80bb05501216f49c4306bb80d0c1a08c3f0f621ed2939bf52d7f762661"},
    {file = "immutables-0.21-cp38-cp38-manylinux_2_17_aarch64.manylinux2014_aarch64.whl", hash = "sha256:fc6fc7e917e281361ad243be1a3cb56a7633de88ee67c94cdf5651958ead30d9"},
    {file = "immutables-0.21-cp38-cp38-manylinux_2_5_x86_64.manylinux1_x86_64.manylinux_2_17_x86_64.manylinux2014_x86_64.whl", hash = "sha256:f6a577f55eaaf763b685eef9710edbeb7ee95e2e5f54e7e5e0fd0f60ae2eb648"},
    {file = "immutables-0.21-cp38-cp38-musllinux_1_2_aarch64.whl", hash = "sha256:ca912c1bb35615ccbe361a6bb76e6fd43827394102467967d5599d78b50dd0f4"},
    {file = "immutables-0.21-cp38-cp38-musllinux_1_2_x86_64.whl", hash = "sha256:586e88ca7ed44b7bb2cd7b212abd2637b51bd95bdb4856ab111b44715a62071c"},
    {file = "immutables-0.21-cp38-cp38-win32.whl", hash = "sha256:21adc6b478a58692c79c5bf316b39d3fd0552441d2b38eef1782a7555deee484"},
    {file = "immutables-0.21-cp38-cp38-win_amd64.whl", hash = "sha256:ecff5274357dc18aae053e5e10b8eee5e9b4d6cc774d34148c992cb2eb787ec3"},
    {file = "immutables-0.21-cp39-cp39-macosx_10_9_x86_64.whl", hash = "sha256:e2aadf3bdd90daa0e8cb9c3cde4070e1021036e3b57f571a007ce24f323e47a9"},
    {file = "immutables-0.21-cp39-cp39-macosx_11_0_arm64.whl", hash = "sha256:5f8f507731d4d15e0c579aa77d8482471f988dc0f451e4bf3853ec36ccd42627"},
    {file = "immutables-0.21-cp39-cp39-manylinux_2_17_aarch64.manylinux2014_aarch64.whl", hash = "sha256:cb9a378a4480381d7d3d63b0d201cf610eae0bf70e26a9306e3e631c9bd64010"},
    {file = "immutables-0.21-cp39-cp39-manylinux_2_5_x86_64.manylinux1_x86_64.manylinux_2_17_x86_64.manylinux2014_x86_64.whl", hash = "sha256:4a7b5920bbfcaf038894c8ce4ed2eff0b31c3559810a61806db751be8ab4d703"},
    {file = "immutables-0.21-cp39-cp39-musllinux_1_2_aarch64.whl", hash = "sha256:8b90702d1fe313e8273ae7abb46fc0f0a87b47c1c9a83aed9a161301146e655c"},
    {file = "immutables-0.21-cp39-cp39-musllinux_1_2_x86_64.whl", hash = "sha256:71cbbc6fbe7e7321648047ff9273f4605f8bd5ce456841a65ef151080e9d3481"},
    {file = "immutables-0.21-cp39-cp39-win32.whl", hash = "sha256:c44f286c47dc0d4d7b5bf19fbe975e6d57c56d2878cea413e1ec7a4bfffb2727"},
    {file = "immutables-0.21-cp39-cp39-win_amd64.whl", hash = "sha256:cf15314c39484b8947a4e20c3526021272510592fb2807b5136a2fcd6ab0151b"},
    {file = "immutables-0.21.tar.gz", hash = "sha256:b55ffaf0449790242feb4c56ab799ea7af92801a0a43f9e2f4f8af2ab24dfc4a"},
]

[package.extras]
test = ["flake8 (>=5.0,<6.0)", "mypy (>=1.4,<2.0)", "pycodestyle (>=2.9,<3.0)", "pytest (>=7.4,<8.0)"]

[[package]]
name = "iniconfig"
version = "2.0.0"
description = "brain-dead simple config-ini parsing"
optional = false
python-versions = ">=3.7"
files = [
    {file = "iniconfig-2.0.0-py3-none-any.whl", hash = "sha256:b6a85871a79d2e3b22d2d1b94ac2824226a63c6b741c88f7ae975f18b6778374"},
    {file = "iniconfig-2.0.0.tar.gz", hash = "sha256:2d91e135bf72d31a410b17c16da610a82cb55f6b0477d1a902134b24a455b8b3"},
]

[[package]]
name = "packaging"
version = "24.2"
description = "Core utilities for Python packages"
optional = false
python-versions = ">=3.8"
files = [
    {file = "packaging-24.2-py3-none-any.whl", hash = "sha256:09abb1bccd265c01f4a3aa3f7a7db064b36514d2cba19a2f694fe6150451a759"},
    {file = "packaging-24.2.tar.gz", hash = "sha256:c228a6dc5e932d346bc5739379109d49e8853dd8223571c7c5b55260edc0b97f"},
]

[[package]]
name = "pluggy"
version = "1.5.0"
description = "plugin and hook calling mechanisms for python"
optional = false
python-versions = ">=3.8"
files = [
    {file = "pluggy-1.5.0-py3-none-any.whl", hash = "sha256:44e1ad92c8ca002de6377e165f3e0f1be63266ab4d554740532335b9d75ea669"},
    {file = "pluggy-1.5.0.tar.gz", hash = "sha256:2cffa88e94fdc978c4c574f15f9e59b7f4201d439195c3715ca9e2486f1d0cf1"},
]

[package.extras]
dev = ["pre-commit", "tox"]
testing = ["pytest", "pytest-benchmark"]

[[package]]
name = "prompt-toolkit"
version = "3.0.48"
description = "Library for building powerful interactive command lines in Python"
optional = false
python-versions = ">=3.7.0"
files = [
    {file = "prompt_toolkit-3.0.48-py3-none-any.whl", hash = "sha256:f49a827f90062e411f1ce1f854f2aedb3c23353244f8108b89283587397ac10e"},
    {file = "prompt_toolkit-3.0.48.tar.gz", hash = "sha256:d6623ab0477a80df74e646bdbc93621143f5caf104206aa29294d53de1a03d90"},
]

[package.dependencies]
wcwidth = "*"

[[package]]
name = "pyrsistent"
version = "0.20.0"
description = "Persistent/Functional/Immutable data structures"
optional = false
python-versions = ">=3.8"
files = [
    {file = "pyrsistent-0.20.0-cp310-cp310-macosx_10_9_universal2.whl", hash = "sha256:8c3aba3e01235221e5b229a6c05f585f344734bd1ad42a8ac51493d74722bbce"},
    {file = "pyrsistent-0.20.0-cp310-cp310-manylinux_2_17_aarch64.manylinux2014_aarch64.whl", hash = "sha256:c1beb78af5423b879edaf23c5591ff292cf7c33979734c99aa66d5914ead880f"},
    {file = "pyrsistent-0.20.0-cp310-cp310-manylinux_2_17_x86_64.manylinux2014_x86_64.whl", hash = "sha256:21cc459636983764e692b9eba7144cdd54fdec23ccdb1e8ba392a63666c60c34"},
    {file = "pyrsistent-0.20.0-cp310-cp310-manylinux_2_5_i686.manylinux1_i686.manylinux_2_17_i686.manylinux2014_i686.whl", hash = "sha256:f5ac696f02b3fc01a710427585c855f65cd9c640e14f52abe52020722bb4906b"},
    {file = "pyrsistent-0.20.0-cp310-cp310-win32.whl", hash = "sha256:0724c506cd8b63c69c7f883cc233aac948c1ea946ea95996ad8b1380c25e1d3f"},
    {file = "pyrsistent-0.20.0-cp310-cp310-win_amd64.whl", hash = "sha256:8441cf9616d642c475684d6cf2520dd24812e996ba9af15e606df5f6fd9d04a7"},
    {file = "pyrsistent-0.20.0-cp311-cp311-macosx_10_9_universal2.whl", hash = "sha256:0f3b1bcaa1f0629c978b355a7c37acd58907390149b7311b5db1b37648eb6958"},
    {file = "pyrsistent-0.20.0-cp311-cp311-manylinux_2_17_aarch64.manylinux2014_aarch64.whl", hash = "sha256:5cdd7ef1ea7a491ae70d826b6cc64868de09a1d5ff9ef8d574250d0940e275b8"},
    {file = "pyrsistent-0.20.0-cp311-cp311-manylinux_2_17_x86_64.manylinux2014_x86_64.whl", hash = "sha256:cae40a9e3ce178415040a0383f00e8d68b569e97f31928a3a8ad37e3fde6df6a"},
    {file = "pyrsistent-0.20.0-cp311-cp311-manylinux_2_5_i686.manylinux1_i686.manylinux_2_17_i686.manylinux2014_i686.whl", hash = "sha256:6288b3fa6622ad8a91e6eb759cfc48ff3089e7c17fb1d4c59a919769314af224"},
    {file = "pyrsistent-0.20.0-cp311-cp311-win32.whl", hash = "sha256:7d29c23bdf6e5438c755b941cef867ec2a4a172ceb9f50553b6ed70d50dfd656"},
    {file = "pyrsistent-0.20.0-cp311-cp311-win_amd64.whl", hash = "sha256:59a89bccd615551391f3237e00006a26bcf98a4d18623a19909a2c48b8e986ee"},
    {file = "pyrsistent-0.20.0-cp312-cp312-macosx_10_9_universal2.whl", hash = "sha256:09848306523a3aba463c4b49493a760e7a6ca52e4826aa100ee99d8d39b7ad1e"},
    {file = "pyrsistent-0.20.0-cp312-cp312-manylinux_2_17_aarch64.manylinux2014_aarch64.whl", hash = "sha256:a14798c3005ec892bbada26485c2eea3b54109cb2533713e355c806891f63c5e"},
    {file = "pyrsistent-0.20.0-cp312-cp312-manylinux_2_17_x86_64.manylinux2014_x86_64.whl", hash = "sha256:b14decb628fac50db5e02ee5a35a9c0772d20277824cfe845c8a8b717c15daa3"},
    {file = "pyrsistent-0.20.0-cp312-cp312-manylinux_2_5_i686.manylinux1_i686.manylinux_2_17_i686.manylinux2014_i686.whl", hash = "sha256:2e2c116cc804d9b09ce9814d17df5edf1df0c624aba3b43bc1ad90411487036d"},
    {file = "pyrsistent-0.20.0-cp312-cp312-win32.whl", hash = "sha256:e78d0c7c1e99a4a45c99143900ea0546025e41bb59ebc10182e947cf1ece9174"},
    {file = "pyrsistent-0.20.0-cp312-cp312-win_amd64.whl", hash = "sha256:4021a7f963d88ccd15b523787d18ed5e5269ce57aa4037146a2377ff607ae87d"},
    {file = "pyrsistent-0.20.0-cp38-cp38-macosx_10_9_universal2.whl", hash = "sha256:79ed12ba79935adaac1664fd7e0e585a22caa539dfc9b7c7c6d5ebf91fb89054"},
    {file = "pyrsistent-0.20.0-cp38-cp38-manylinux_2_17_aarch64.manylinux2014_aarch64.whl", hash = "sha256:f920385a11207dc372a028b3f1e1038bb244b3ec38d448e6d8e43c6b3ba20e98"},
    {file = "pyrsistent-0.20.0-cp38-cp38-manylinux_2_17_x86_64.manylinux2014_x86_64.whl", hash = "sha256:4f5c2d012671b7391803263419e31b5c7c21e7c95c8760d7fc35602353dee714"},
    {file = "pyrsistent-0.20.0-cp38-cp38-manylinux_2_5_i686.manylinux1_i686.manylinux_2_17_i686.manylinux2014_i686.whl", hash = "sha256:ef3992833fbd686ee783590639f4b8343a57f1f75de8633749d984dc0eb16c86"},
    {file = "pyrsistent-0.20.0-cp38-cp38-win32.whl", hash = "sha256:881bbea27bbd32d37eb24dd320a5e745a2a5b092a17f6debc1349252fac85423"},
    {file = "pyrsistent-0.20.0-cp38-cp38-win_amd64.whl", hash = "sha256:6d270ec9dd33cdb13f4d62c95c1a5a50e6b7cdd86302b494217137f760495b9d"},
    {file = "pyrsistent-0.20.0-cp39-cp39-macosx_10_9_universal2.whl", hash = "sha256:ca52d1ceae015859d16aded12584c59eb3825f7b50c6cfd621d4231a6cc624ce"},
    {file = "pyrsistent-0.20.0-cp39-cp39-manylinux_2_17_aarch64.manylinux2014_aarch64.whl", hash = "sha256:b318ca24db0f0518630e8b6f3831e9cba78f099ed5c1d65ffe3e023003043ba0"},
    {file = "pyrsistent-0.20.0-cp39-cp39-manylinux_2_17_x86_64.manylinux2014_x86_64.whl", hash = "sha256:fed2c3216a605dc9a6ea50c7e84c82906e3684c4e80d2908208f662a6cbf9022"},
    {file = "pyrsistent-0.20.0-cp39-cp39-manylinux_2_5_i686.manylinux1_i686.manylinux_2_17_i686.manylinux2014_i686.whl", hash = "sha256:2e14c95c16211d166f59c6611533d0dacce2e25de0f76e4c140fde250997b3ca"},
    {file = "pyrsistent-0.20.0-cp39-cp39-win32.whl", hash = "sha256:f058a615031eea4ef94ead6456f5ec2026c19fb5bd6bfe86e9665c4158cf802f"},
    {file = "pyrsistent-0.20.0-cp39-cp39-win_amd64.whl", hash = "sha256:58b8f6366e152092194ae68fefe18b9f0b4f89227dfd86a07770c3d86097aebf"},
    {file = "pyrsistent-0.20.0-py3-none-any.whl", hash = "sha256:c55acc4733aad6560a7f5f818466631f07efc001fd023f34a6c203f8b6df0f0b"},
    {file = "pyrsistent-0.20.0.tar.gz", hash = "sha256:4c48f78f62ab596c679086084d0dd13254ae4f3d6c72a83ffdf5ebdef8f265a4"},
]

[[package]]
name = "pytest"
version = "8.3.3"
description = "pytest: simple powerful testing with Python"
optional = false
python-versions = ">=3.8"
files = [
    {file = "pytest-8.3.3-py3-none-any.whl", hash = "sha256:a6853c7375b2663155079443d2e45de913a911a11d669df02a50814944db57b2"},
    {file = "pytest-8.3.3.tar.gz", hash = "sha256:70b98107bd648308a7952b06e6ca9a50bc660be218d53c257cc1fc94fda10181"},
]

[package.dependencies]
colorama = {version = "*", markers = "sys_platform == \"win32\""}
exceptiongroup = {version = ">=1.0.0rc8", markers = "python_version < \"3.11\""}
iniconfig = "*"
packaging = "*"
pluggy = ">=1.5,<2"
tomli = {version = ">=1", markers = "python_version < \"3.11\""}

[package.extras]
dev = ["argcomplete", "attrs (>=19.2)", "hypothesis (>=3.56)", "mock", "pygments (>=2.7.2)", "requests", "setuptools", "xmlschema"]

[[package]]
name = "tomli"
version = "2.1.0"
description = "A lil' TOML parser"
optional = false
python-versions = ">=3.8"
files = [
    {file = "tomli-2.1.0-py3-none-any.whl", hash = "sha256:a5c57c3d1c56f5ccdf89f6523458f60ef716e210fc47c4cfb188c5ba473e0391"},
    {file = "tomli-2.1.0.tar.gz", hash = "sha256:3f646cae2aec94e17d04973e4249548320197cfabdf130015d023de4b74d8ab8"},
]

[[package]]
name = "typing-extensions"
version = "4.12.2"
description = "Backported and Experimental Type Hints for Python 3.8+"
optional = false
python-versions = ">=3.8"
files = [
    {file = "typing_extensions-4.12.2-py3-none-any.whl", hash = "sha256:04e5ca0351e0f3f85c6853954072df659d0d13fac324d0072316b67d7794700d"},
    {file = "typing_extensions-4.12.2.tar.gz", hash = "sha256:1a7ead55c7e559dd4dee8856e3a88b41225abfe1ce8df57b7c13915fe121ffb8"},
]

[[package]]
name = "wcwidth"
version = "0.2.13"
description = "Measures the displayed width of unicode strings in a terminal"
optional = false
python-versions = "*"
files = [
    {file = "wcwidth-0.2.13-py2.py3-none-any.whl", hash = "sha256:3da69048e4540d84af32131829ff948f1e022c1c6bdb8d6102117aac784f6859"},
    {file = "wcwidth-0.2.13.tar.gz", hash = "sha256:72ea0c06399eb286d978fdedb6923a9eb47e1c486ce63e9b4e64fc18303972b5"},
]

[metadata]
lock-version = "2.0"
python-versions = "^3.9"
content-hash = "aa6fd41a34aaed71567e62de7d5a62c2692ec463ffb9f83fe62bd30fd123d79e"
