# This file is automatically @generated by Poetry 1.8.3 and should not be changed by hand.

[[package]]
name = "astor"
version = "0.8.1"
description = "Read/rewrite/write Python ASTs"
optional = false
python-versions = "!=3.0.*,!=3.1.*,!=3.2.*,!=3.3.*,>=2.7"
files = [
    {file = "astor-0.8.1-py2.py3-none-any.whl", hash = "sha256:070a54e890cefb5b3739d19f30f5a5ec840ffc9c50ffa7d23cc9fc1a38ebbfc5"},
    {file = "astor-0.8.1.tar.gz", hash = "sha256:6a6effda93f4e1ce9f618779b2dd1d9d84f1e32812c23a29b3fff6fd7f63fa5e"},
]

[[package]]
name = "attrs"
version = "24.2.0"
description = "Classes Without Boilerplate"
optional = false
python-versions = ">=3.7"
files = [
    {file = "attrs-24.2.0-py3-none-any.whl", hash = "sha256:81921eb96de3191c8258c199618104dd27ac608d9366f5e35d011eae1867ede2"},
    {file = "attrs-24.2.0.tar.gz", hash = "sha256:5cfb1b9148b5b086569baec03f20d7b6bf3bcacc9a42bebf87ffaaca362f6346"},
]

[package.extras]
benchmark = ["cloudpickle", "hypothesis", "mypy (>=1.11.1)", "pympler", "pytest (>=4.3.0)", "pytest-codspeed", "pytest-mypy-plugins", "pytest-xdist[psutil]"]
cov = ["cloudpickle", "coverage[toml] (>=5.3)", "hypothesis", "mypy (>=1.11.1)", "pympler", "pytest (>=4.3.0)", "pytest-mypy-plugins", "pytest-xdist[psutil]"]
dev = ["cloudpickle", "hypothesis", "mypy (>=1.11.1)", "pre-commit", "pympler", "pytest (>=4.3.0)", "pytest-mypy-plugins", "pytest-xdist[psutil]"]
docs = ["cogapp", "furo", "myst-parser", "sphinx", "sphinx-notfound-page", "sphinxcontrib-towncrier", "towncrier (<24.7)"]
tests = ["cloudpickle", "hypothesis", "mypy (>=1.11.1)", "pympler", "pytest (>=4.3.0)", "pytest-mypy-plugins", "pytest-xdist[psutil]"]
tests-mypy = ["mypy (>=1.11.1)", "pytest-mypy-plugins"]

[[package]]
name = "basilisp"
version = "0.2.4"
description = "A Clojure-like lisp written for Python"
optional = false
python-versions = "<4.0,>=3.8"
files = [
    {file = "basilisp-0.2.4-py3-none-any.whl", hash = "sha256:63addeea34a2737ef9e49d4897383ab90fcbd6a550dc897fc9f5449d2bff1fb4"},
    {file = "basilisp-0.2.4.tar.gz", hash = "sha256:187ae9c0bcd1bcb204d9a7a60e423d22c68fdec99d9f1923e429ebde63fcfab2"},
]

[package.dependencies]
astor = {version = ">=0.8.1,<0.9.0", markers = "python_version < \"3.9\""}
attrs = ">=22.2.0"
graphlib-backport = {version = ">=1.1.0,<2.0.0", markers = "python_version < \"3.9\""}
immutables = ">=0.20,<1.0.0"
prompt-toolkit = ">=3.0.0,<4.0.0"
pyrsistent = ">=0.18.0,<1.0.0"
typing-extensions = ">=4.7.0,<5.0.0"

[package.extras]
pygments = ["pygments (>=2.9.0,<3.0.0)"]
pytest = ["pytest (>=7.0.0,<9.0.0)"]

[[package]]
name = "colorama"
version = "0.4.6"
description = "Cross-platform colored terminal text."
optional = false
python-versions = "!=3.0.*,!=3.1.*,!=3.2.*,!=3.3.*,!=3.4.*,!=3.5.*,!=3.6.*,>=2.7"
files = [
    {file = "colorama-0.4.6-py2.py3-none-any.whl", hash = "sha256:4f1d9991f5acc0ca119f9d443620b77f9d6b33703e51011c16baf57afb285fc6"},
    {file = "colorama-0.4.6.tar.gz", hash = "sha256:08695f5cb7ed6e0531a20572697297273c47b8cae5a63ffc6d6ed5c201be6e44"},
]

[[package]]
name = "exceptiongroup"
version = "1.2.2"
description = "Backport of PEP 654 (exception groups)"
optional = false
python-versions = ">=3.7"
files = [
    {file = "exceptiongroup-1.2.2-py3-none-any.whl", hash = "sha256:3111b9d131c238bec2f8f516e123e14ba243563fb135d3fe885990585aa7795b"},
    {file = "exceptiongroup-1.2.2.tar.gz", hash = "sha256:47c2edf7c6738fafb49fd34290706d1a1a2f4d1c6df275526b62cbb4aa5393cc"},
]

[package.extras]
test = ["pytest (>=6)"]

[[package]]
name = "graphlib-backport"
version = "1.1.0"
description = "Backport of the Python 3.9 graphlib module for Python 3.6+"
optional = false
python-versions = ">=3.6,<4.0"
files = [
    {file = "graphlib_backport-1.1.0-py3-none-any.whl", hash = "sha256:eccacf9f2126cdf89ce32a6018c88e1ecd3e4898a07568add6e1907a439055ba"},
    {file = "graphlib_backport-1.1.0.tar.gz", hash = "sha256:00a7888b21e5393064a133209cb5d3b3ef0a2096cf023914c9d778dff5644125"},
]

[[package]]
name = "immutables"
version = "0.20"
description = "Immutable Collections"
optional = false
python-versions = ">=3.8.0"
files = [
    {file = "immutables-0.20-cp310-cp310-macosx_10_9_x86_64.whl", hash = "sha256:dea0ae4d7f31b145c18c16badeebc2f039d09411be4a8febb86e1244cf7f1ce0"},
    {file = "immutables-0.20-cp310-cp310-macosx_11_0_arm64.whl", hash = "sha256:2dd0dcef2f8d4523d34dbe1d2b7804b3d2a51fddbd104aad13f506a838a2ea15"},
    {file = "immutables-0.20-cp310-cp310-manylinux_2_17_aarch64.manylinux2014_aarch64.whl", hash = "sha256:393dde58ffd6b4c089ffdf4cef5fe73dad37ce4681acffade5f5d5935ec23c93"},
    {file = "immutables-0.20-cp310-cp310-manylinux_2_5_x86_64.manylinux1_x86_64.manylinux_2_17_x86_64.manylinux2014_x86_64.whl", hash = "sha256:c1214b5a175df783662b7de94b4a82db55cc0ee206dd072fa9e279fb8895d8df"},
    {file = "immutables-0.20-cp310-cp310-musllinux_1_1_aarch64.whl", hash = "sha256:2761e3dc2a6406943ce77b3505e9b3c1187846de65d7247548dc7edaa202fcba"},
    {file = "immutables-0.20-cp310-cp310-musllinux_1_1_x86_64.whl", hash = "sha256:2bcea81e7516bd823b4ed16f4f794531097888675be13e833b1cc946370d5237"},
    {file = "immutables-0.20-cp310-cp310-win32.whl", hash = "sha256:d828e7580f1fa203ddeab0b5e91f44bf95706e7f283ca9fbbcf0ae08f63d3084"},
    {file = "immutables-0.20-cp310-cp310-win_amd64.whl", hash = "sha256:380e2957ba3d63422b2f3fbbff0547c7bbe6479d611d3635c6411005a4264525"},
    {file = "immutables-0.20-cp311-cp311-macosx_10_9_x86_64.whl", hash = "sha256:532be32c7a25dae6cade28825c76d3004cf4d166a0bfacf04bda16056d59ba26"},
    {file = "immutables-0.20-cp311-cp311-macosx_11_0_arm64.whl", hash = "sha256:5302ce9c7827f8300f3dc34a695abb71e4a32bab09e65e5ad6e454785383347f"},
    {file = "immutables-0.20-cp311-cp311-manylinux_2_17_aarch64.manylinux2014_aarch64.whl", hash = "sha256:b51aec54b571ae466113509d4dc79a2808dc2ae9263b71fd6b37778cb49eb292"},
    {file = "immutables-0.20-cp311-cp311-manylinux_2_5_x86_64.manylinux1_x86_64.manylinux_2_17_x86_64.manylinux2014_x86_64.whl", hash = "sha256:47f56aea56e597ecf6631f24a4e26007b6a5f4fe30278b96eb90bc1f60506164"},
    {file = "immutables-0.20-cp311-cp311-musllinux_1_1_aarch64.whl", hash = "sha256:085ac48ee3eef7baf070f181cae574489bbf65930a83ec5bbd65c9940d625db3"},
    {file = "immutables-0.20-cp311-cp311-musllinux_1_1_x86_64.whl", hash = "sha256:f063f53b5c0e8f541ae381f1d828f3d05bbed766a2d6c817f9218b8b37a4cb66"},
    {file = "immutables-0.20-cp311-cp311-win32.whl", hash = "sha256:b0436cc831b47e26bef637bcf143cf0273e49946cfb7c28c44486d70513a3080"},
    {file = "immutables-0.20-cp311-cp311-win_amd64.whl", hash = "sha256:5bb32aee1ea16fbb90f58f8bd96016bca87aba0a8e574e5fa218d0d83b142851"},
    {file = "immutables-0.20-cp312-cp312-macosx_10_9_x86_64.whl", hash = "sha256:4ba726b7a3a696b9d4b122fa2c956bc68e866f3df1b92765060c88c64410ff82"},
    {file = "immutables-0.20-cp312-cp312-macosx_11_0_arm64.whl", hash = "sha256:5a88adf1dcc9d8ab07dba5e74deefcd5b5e38bc677815cbf9365dc43b69f1f08"},
    {file = "immutables-0.20-cp312-cp312-manylinux_2_17_aarch64.manylinux2014_aarch64.whl", hash = "sha256:1009a4e00e2e69a9b40c2f1272795f5a06ad72c9bf4638594d518e9cbd7a721a"},
    {file = "immutables-0.20-cp312-cp312-manylinux_2_5_x86_64.manylinux1_x86_64.manylinux_2_17_x86_64.manylinux2014_x86_64.whl", hash = "sha256:96899994842c37cf4b9d6d2bedf685aae7810bd73f1538f8cba5426e2d65cb85"},
    {file = "immutables-0.20-cp312-cp312-musllinux_1_1_aarch64.whl", hash = "sha256:a606410b2ccb6ae339c3f26cccc9a92bcb16dc06f935d51edfd8ca68cf687e50"},
    {file = "immutables-0.20-cp312-cp312-musllinux_1_1_x86_64.whl", hash = "sha256:e8e82754f72823085643a2c0e6a4c489b806613e94af205825fa81df2ba147a0"},
    {file = "immutables-0.20-cp312-cp312-win32.whl", hash = "sha256:525fb361bd7edc8a891633928d549713af8090c79c25af5cc06eb90b48cb3c64"},
    {file = "immutables-0.20-cp312-cp312-win_amd64.whl", hash = "sha256:a82afc3945e9ceb9bcd416dc4ed9b72f92760c42787e26de50610a8b81d48120"},
    {file = "immutables-0.20-cp38-cp38-macosx_10_9_x86_64.whl", hash = "sha256:f17f25f21e82a1c349a61191cfb13e442a348b880b74cb01b00e0d1e848b63f4"},
    {file = "immutables-0.20-cp38-cp38-macosx_11_0_arm64.whl", hash = "sha256:65954eb861c61af48debb1507518d45ae7d594b4fba7282785a70b48c5f51f9b"},
    {file = "immutables-0.20-cp38-cp38-manylinux_2_17_aarch64.manylinux2014_aarch64.whl", hash = "sha256:62f8a7a22939278127b7a206d05679b268b9cf665437125625348e902617cbad"},
    {file = "immutables-0.20-cp38-cp38-manylinux_2_5_x86_64.manylinux1_x86_64.manylinux_2_17_x86_64.manylinux2014_x86_64.whl", hash = "sha256:ac86f4372f4cfaa00206c12472fd3a78753092279e0552b7e1880944d71b04fe"},
    {file = "immutables-0.20-cp38-cp38-musllinux_1_1_aarch64.whl", hash = "sha256:e771198edc11a9e02ffa693911b3918c6cde0b64ad2e6672b076dbe005557ad8"},
    {file = "immutables-0.20-cp38-cp38-musllinux_1_1_x86_64.whl", hash = "sha256:fc739fc07cff5df2e4f31addbd48660b5ac0da56e9f719f8bb45da8ddd632c63"},
    {file = "immutables-0.20-cp38-cp38-win32.whl", hash = "sha256:c086ccb44d9d3824b9bf816365d10b1b82837efc7119f8bab56bd7a27ed805a9"},
    {file = "immutables-0.20-cp38-cp38-win_amd64.whl", hash = "sha256:9cd2ee9c10bf00be3c94eb51854bc0b761326bd0a7ea0dad4272a3f182269ae6"},
    {file = "immutables-0.20-cp39-cp39-macosx_10_9_x86_64.whl", hash = "sha256:d4f78cb748261f852953620ed991de74972446fd484ec69377a41e2f1a1beb75"},
    {file = "immutables-0.20-cp39-cp39-macosx_11_0_arm64.whl", hash = "sha256:d6449186ea91b7c17ec8e7bd9bf059858298b1db5c053f5d27de8eba077578ce"},
    {file = "immutables-0.20-cp39-cp39-manylinux_2_17_aarch64.manylinux2014_aarch64.whl", hash = "sha256:85dd9765b068f7beb297553fddfcf7f904bd58a184c520830a106a58f0c9bfb4"},
    {file = "immutables-0.20-cp39-cp39-manylinux_2_5_x86_64.manylinux1_x86_64.manylinux_2_17_x86_64.manylinux2014_x86_64.whl", hash = "sha256:f349a7e0327b92dcefb863e49ace086f2f26e6689a4e022c98720c6e9696e763"},
    {file = "immutables-0.20-cp39-cp39-musllinux_1_1_aarch64.whl", hash = "sha256:e3a5462f6d3549bbf7d02ce929fb0cb6df9539445f0589105de4e8b99b906e69"},
    {file = "immutables-0.20-cp39-cp39-musllinux_1_1_x86_64.whl", hash = "sha256:cc51a01a64a6d2cd7db210a49ad010c2ac2e9e026745f23fd31e0784096dcfff"},
    {file = "immutables-0.20-cp39-cp39-win32.whl", hash = "sha256:83794712f0507416f2818edc63f84305358b8656a93e5b9e2ab056d9803c7507"},
    {file = "immutables-0.20-cp39-cp39-win_amd64.whl", hash = "sha256:2837b1078abc66d9f009bee9085cf62515d5516af9a5c9ea2751847e16efd236"},
    {file = "immutables-0.20.tar.gz", hash = "sha256:1d2f83e6a6a8455466cd97b9a90e2b4f7864648616dfa6b19d18f49badac3876"},
]

[package.extras]
test = ["flake8 (>=5.0,<6.0)", "mypy (>=1.4,<2.0)", "pycodestyle (>=2.9,<3.0)", "pytest (>=7.4,<8.0)"]

[[package]]
name = "iniconfig"
version = "2.0.0"
description = "brain-dead simple config-ini parsing"
optional = false
python-versions = ">=3.7"
files = [
    {file = "iniconfig-2.0.0-py3-none-any.whl", hash = "sha256:b6a85871a79d2e3b22d2d1b94ac2824226a63c6b741c88f7ae975f18b6778374"},
    {file = "iniconfig-2.0.0.tar.gz", hash = "sha256:2d91e135bf72d31a410b17c16da610a82cb55f6b0477d1a902134b24a455b8b3"},
]

[[package]]
name = "packaging"
version = "24.1"
description = "Core utilities for Python packages"
optional = false
python-versions = ">=3.8"
files = [
    {file = "packaging-24.1-py3-none-any.whl", hash = "sha256:5b8f2217dbdbd2f7f384c41c628544e6d52f2d0f53c6d0c3ea61aa5d1d7ff124"},
    {file = "packaging-24.1.tar.gz", hash = "sha256:026ed72c8ed3fcce5bf8950572258698927fd1dbda10a5e981cdf0ac37f4f002"},
]

[[package]]
name = "pluggy"
version = "1.5.0"
description = "plugin and hook calling mechanisms for python"
optional = false
python-versions = ">=3.8"
files = [
    {file = "pluggy-1.5.0-py3-none-any.whl", hash = "sha256:44e1ad92c8ca002de6377e165f3e0f1be63266ab4d554740532335b9d75ea669"},
    {file = "pluggy-1.5.0.tar.gz", hash = "sha256:2cffa88e94fdc978c4c574f15f9e59b7f4201d439195c3715ca9e2486f1d0cf1"},
]

[package.extras]
dev = ["pre-commit", "tox"]
testing = ["pytest", "pytest-benchmark"]

[[package]]
name = "prompt-toolkit"
version = "3.0.47"
description = "Library for building powerful interactive command lines in Python"
optional = false
python-versions = ">=3.7.0"
files = [
    {file = "prompt_toolkit-3.0.47-py3-none-any.whl", hash = "sha256:0d7bfa67001d5e39d02c224b663abc33687405033a8c422d0d675a5a13361d10"},
    {file = "prompt_toolkit-3.0.47.tar.gz", hash = "sha256:1e1b29cb58080b1e69f207c893a1a7bf16d127a5c30c9d17a25a5d77792e5360"},
]

[package.dependencies]
wcwidth = "*"

[[package]]
name = "pyrsistent"
version = "0.20.0"
description = "Persistent/Functional/Immutable data structures"
optional = false
python-versions = ">=3.8"
files = [
    {file = "pyrsistent-0.20.0-cp310-cp310-macosx_10_9_universal2.whl", hash = "sha256:8c3aba3e01235221e5b229a6c05f585f344734bd1ad42a8ac51493d74722bbce"},
    {file = "pyrsistent-0.20.0-cp310-cp310-manylinux_2_17_aarch64.manylinux2014_aarch64.whl", hash = "sha256:c1beb78af5423b879edaf23c5591ff292cf7c33979734c99aa66d5914ead880f"},
    {file = "pyrsistent-0.20.0-cp310-cp310-manylinux_2_17_x86_64.manylinux2014_x86_64.whl", hash = "sha256:21cc459636983764e692b9eba7144cdd54fdec23ccdb1e8ba392a63666c60c34"},
    {file = "pyrsistent-0.20.0-cp310-cp310-manylinux_2_5_i686.manylinux1_i686.manylinux_2_17_i686.manylinux2014_i686.whl", hash = "sha256:f5ac696f02b3fc01a710427585c855f65cd9c640e14f52abe52020722bb4906b"},
    {file = "pyrsistent-0.20.0-cp310-cp310-win32.whl", hash = "sha256:0724c506cd8b63c69c7f883cc233aac948c1ea946ea95996ad8b1380c25e1d3f"},
    {file = "pyrsistent-0.20.0-cp310-cp310-win_amd64.whl", hash = "sha256:8441cf9616d642c475684d6cf2520dd24812e996ba9af15e606df5f6fd9d04a7"},
    {file = "pyrsistent-0.20.0-cp311-cp311-macosx_10_9_universal2.whl", hash = "sha256:0f3b1bcaa1f0629c978b355a7c37acd58907390149b7311b5db1b37648eb6958"},
    {file = "pyrsistent-0.20.0-cp311-cp311-manylinux_2_17_aarch64.manylinux2014_aarch64.whl", hash = "sha256:5cdd7ef1ea7a491ae70d826b6cc64868de09a1d5ff9ef8d574250d0940e275b8"},
    {file = "pyrsistent-0.20.0-cp311-cp311-manylinux_2_17_x86_64.manylinux2014_x86_64.whl", hash = "sha256:cae40a9e3ce178415040a0383f00e8d68b569e97f31928a3a8ad37e3fde6df6a"},
    {file = "pyrsistent-0.20.0-cp311-cp311-manylinux_2_5_i686.manylinux1_i686.manylinux_2_17_i686.manylinux2014_i686.whl", hash = "sha256:6288b3fa6622ad8a91e6eb759cfc48ff3089e7c17fb1d4c59a919769314af224"},
    {file = "pyrsistent-0.20.0-cp311-cp311-win32.whl", hash = "sha256:7d29c23bdf6e5438c755b941cef867ec2a4a172ceb9f50553b6ed70d50dfd656"},
    {file = "pyrsistent-0.20.0-cp311-cp311-win_amd64.whl", hash = "sha256:59a89bccd615551391f3237e00006a26bcf98a4d18623a19909a2c48b8e986ee"},
    {file = "pyrsistent-0.20.0-cp312-cp312-macosx_10_9_universal2.whl", hash = "sha256:09848306523a3aba463c4b49493a760e7a6ca52e4826aa100ee99d8d39b7ad1e"},
    {file = "pyrsistent-0.20.0-cp312-cp312-manylinux_2_17_aarch64.manylinux2014_aarch64.whl", hash = "sha256:a14798c3005ec892bbada26485c2eea3b54109cb2533713e355c806891f63c5e"},
    {file = "pyrsistent-0.20.0-cp312-cp312-manylinux_2_17_x86_64.manylinux2014_x86_64.whl", hash = "sha256:b14decb628fac50db5e02ee5a35a9c0772d20277824cfe845c8a8b717c15daa3"},
    {file = "pyrsistent-0.20.0-cp312-cp312-manylinux_2_5_i686.manylinux1_i686.manylinux_2_17_i686.manylinux2014_i686.whl", hash = "sha256:2e2c116cc804d9b09ce9814d17df5edf1df0c624aba3b43bc1ad90411487036d"},
    {file = "pyrsistent-0.20.0-cp312-cp312-win32.whl", hash = "sha256:e78d0c7c1e99a4a45c99143900ea0546025e41bb59ebc10182e947cf1ece9174"},
    {file = "pyrsistent-0.20.0-cp312-cp312-win_amd64.whl", hash = "sha256:4021a7f963d88ccd15b523787d18ed5e5269ce57aa4037146a2377ff607ae87d"},
    {file = "pyrsistent-0.20.0-cp38-cp38-macosx_10_9_universal2.whl", hash = "sha256:79ed12ba79935adaac1664fd7e0e585a22caa539dfc9b7c7c6d5ebf91fb89054"},
    {file = "pyrsistent-0.20.0-cp38-cp38-manylinux_2_17_aarch64.manylinux2014_aarch64.whl", hash = "sha256:f920385a11207dc372a028b3f1e1038bb244b3ec38d448e6d8e43c6b3ba20e98"},
    {file = "pyrsistent-0.20.0-cp38-cp38-manylinux_2_17_x86_64.manylinux2014_x86_64.whl", hash = "sha256:4f5c2d012671b7391803263419e31b5c7c21e7c95c8760d7fc35602353dee714"},
    {file = "pyrsistent-0.20.0-cp38-cp38-manylinux_2_5_i686.manylinux1_i686.manylinux_2_17_i686.manylinux2014_i686.whl", hash = "sha256:ef3992833fbd686ee783590639f4b8343a57f1f75de8633749d984dc0eb16c86"},
    {file = "pyrsistent-0.20.0-cp38-cp38-win32.whl", hash = "sha256:881bbea27bbd32d37eb24dd320a5e745a2a5b092a17f6debc1349252fac85423"},
    {file = "pyrsistent-0.20.0-cp38-cp38-win_amd64.whl", hash = "sha256:6d270ec9dd33cdb13f4d62c95c1a5a50e6b7cdd86302b494217137f760495b9d"},
    {file = "pyrsistent-0.20.0-cp39-cp39-macosx_10_9_universal2.whl", hash = "sha256:ca52d1ceae015859d16aded12584c59eb3825f7b50c6cfd621d4231a6cc624ce"},
    {file = "pyrsistent-0.20.0-cp39-cp39-manylinux_2_17_aarch64.manylinux2014_aarch64.whl", hash = "sha256:b318ca24db0f0518630e8b6f3831e9cba78f099ed5c1d65ffe3e023003043ba0"},
    {file = "pyrsistent-0.20.0-cp39-cp39-manylinux_2_17_x86_64.manylinux2014_x86_64.whl", hash = "sha256:fed2c3216a605dc9a6ea50c7e84c82906e3684c4e80d2908208f662a6cbf9022"},
    {file = "pyrsistent-0.20.0-cp39-cp39-manylinux_2_5_i686.manylinux1_i686.manylinux_2_17_i686.manylinux2014_i686.whl", hash = "sha256:2e14c95c16211d166f59c6611533d0dacce2e25de0f76e4c140fde250997b3ca"},
    {file = "pyrsistent-0.20.0-cp39-cp39-win32.whl", hash = "sha256:f058a615031eea4ef94ead6456f5ec2026c19fb5bd6bfe86e9665c4158cf802f"},
    {file = "pyrsistent-0.20.0-cp39-cp39-win_amd64.whl", hash = "sha256:58b8f6366e152092194ae68fefe18b9f0b4f89227dfd86a07770c3d86097aebf"},
    {file = "pyrsistent-0.20.0-py3-none-any.whl", hash = "sha256:c55acc4733aad6560a7f5f818466631f07efc001fd023f34a6c203f8b6df0f0b"},
    {file = "pyrsistent-0.20.0.tar.gz", hash = "sha256:4c48f78f62ab596c679086084d0dd13254ae4f3d6c72a83ffdf5ebdef8f265a4"},
]

[[package]]
name = "pytest"
version = "8.3.3"
description = "pytest: simple powerful testing with Python"
optional = false
python-versions = ">=3.8"
files = [
    {file = "pytest-8.3.3-py3-none-any.whl", hash = "sha256:a6853c7375b2663155079443d2e45de913a911a11d669df02a50814944db57b2"},
    {file = "pytest-8.3.3.tar.gz", hash = "sha256:70b98107bd648308a7952b06e6ca9a50bc660be218d53c257cc1fc94fda10181"},
]

[package.dependencies]
colorama = {version = "*", markers = "sys_platform == \"win32\""}
exceptiongroup = {version = ">=1.0.0rc8", markers = "python_version < \"3.11\""}
iniconfig = "*"
packaging = "*"
pluggy = ">=1.5,<2"
tomli = {version = ">=1", markers = "python_version < \"3.11\""}

[package.extras]
dev = ["argcomplete", "attrs (>=19.2)", "hypothesis (>=3.56)", "mock", "pygments (>=2.7.2)", "requests", "setuptools", "xmlschema"]

[[package]]
name = "tomli"
version = "2.0.1"
description = "A lil' TOML parser"
optional = false
python-versions = ">=3.7"
files = [
    {file = "tomli-2.0.1-py3-none-any.whl", hash = "sha256:939de3e7a6161af0c887ef91b7d41a53e7c5a1ca976325f429cb46ea9bc30ecc"},
    {file = "tomli-2.0.1.tar.gz", hash = "sha256:de526c12914f0c550d15924c62d72abc48d6fe7364aa87328337a31007fe8a4f"},
]

[[package]]
name = "typing-extensions"
version = "4.12.2"
description = "Backported and Experimental Type Hints for Python 3.8+"
optional = false
python-versions = ">=3.8"
files = [
    {file = "typing_extensions-4.12.2-py3-none-any.whl", hash = "sha256:04e5ca0351e0f3f85c6853954072df659d0d13fac324d0072316b67d7794700d"},
    {file = "typing_extensions-4.12.2.tar.gz", hash = "sha256:1a7ead55c7e559dd4dee8856e3a88b41225abfe1ce8df57b7c13915fe121ffb8"},
]

[[package]]
name = "wcwidth"
version = "0.2.13"
description = "Measures the displayed width of unicode strings in a terminal"
optional = false
python-versions = "*"
files = [
    {file = "wcwidth-0.2.13-py2.py3-none-any.whl", hash = "sha256:3da69048e4540d84af32131829ff948f1e022c1c6bdb8d6102117aac784f6859"},
    {file = "wcwidth-0.2.13.tar.gz", hash = "sha256:72ea0c06399eb286d978fdedb6923a9eb47e1c486ce63e9b4e64fc18303972b5"},
]

[metadata]
lock-version = "2.0"
python-versions = "^3.8"
content-hash = "e5aa09aced5098208964d4d6caaffe1752fc509457766947227bac5555f9b635"
